// !$*UTF8*$!
{
	archiveVersion = 1;
	classes = {
	};
	objectVersion = 77;
	objects = {

/* Begin PBXBuildFile section */
		E41140B42E0CEFB6005749A1 /* AIAEC in Frameworks */ = {isa = PBXBuildFile; productRef = E41140B32E0CEFB6005749A1 /* AIAEC */; };
		E41140B62E0CEFB6005749A1 /* AIAECLL in Frameworks */ = {isa = PBXBuildFile; productRef = E41140B52E0CEFB6005749A1 /* AIAECLL */; };
		E41140B82E0CEFB6005749A1 /* AINS in Frameworks */ = {isa = PBXBuildFile; productRef = E41140B72E0CEFB6005749A1 /* AINS */; };
		E41140BA2E0CEFB6005749A1 /* AINSLL in Frameworks */ = {isa = PBXBuildFile; productRef = E41140B92E0CEFB6005749A1 /* AINSLL */; };
		E41140BC2E0CEFB6005749A1 /* AudioBeauty in Frameworks */ = {isa = PBXBuildFile; productRef = E41140BB2E0CEFB6005749A1 /* AudioBeauty */; };
		E41140BE2E0CEFB6005749A1 /* ClearVision in Frameworks */ = {isa = PBXBuildFile; productRef = E41140BD2E0CEFB6005749A1 /* ClearVision */; };
		E41140C02E0CEFB6005749A1 /* ContentInspect in Frameworks */ = {isa = PBXBuildFile; productRef = E41140BF2E0CEFB6005749A1 /* ContentInspect */; };
		E41140C22E0CEFB6005749A1 /* FaceCapture in Frameworks */ = {isa = PBXBuildFile; productRef = E41140C12E0CEFB6005749A1 /* FaceCapture */; };
		E41140C42E0CEFB6005749A1 /* FaceDetection in Frameworks */ = {isa = PBXBuildFile; productRef = E41140C32E0CEFB6005749A1 /* FaceDetection */; };
		E41140C62E0CEFB6005749A1 /* LipSync in Frameworks */ = {isa = PBXBuildFile; productRef = E41140C52E0CEFB6005749A1 /* LipSync */; };
		E41140C82E0CEFB6005749A1 /* ReplayKit in Frameworks */ = {isa = PBXBuildFile; productRef = E41140C72E0CEFB6005749A1 /* ReplayKit */; };
		E41140CA2E0CEFB6005749A1 /* RtcBasic in Frameworks */ = {isa = PBXBuildFile; productRef = E41140C92E0CEFB6005749A1 /* RtcBasic */; };
		E41140CC2E0CEFB6005749A1 /* SpatialAudio in Frameworks */ = {isa = PBXBuildFile; productRef = E41140CB2E0CEFB6005749A1 /* SpatialAudio */; };
		E41140CE2E0CEFB6005749A1 /* VideoAv1CodecDec in Frameworks */ = {isa = PBXBuildFile; productRef = E41140CD2E0CEFB6005749A1 /* VideoAv1CodecDec */; };
		E41140D02E0CEFB6005749A1 /* VideoAv1CodecEnc in Frameworks */ = {isa = PBXBuildFile; productRef = E41140CF2E0CEFB6005749A1 /* VideoAv1CodecEnc */; };
		E41140D22E0CEFB6005749A1 /* VideoCodecDec in Frameworks */ = {isa = PBXBuildFile; productRef = E41140D12E0CEFB6005749A1 /* VideoCodecDec */; };
		E41140D42E0CEFB6005749A1 /* VideoCodecEnc in Frameworks */ = {isa = PBXBuildFile; productRef = E41140D32E0CEFB6005749A1 /* VideoCodecEnc */; };
		E41140D62E0CEFB6005749A1 /* VirtualBackground in Frameworks */ = {isa = PBXBuildFile; productRef = E41140D52E0CEFB6005749A1 /* VirtualBackground */; };
		E41140D82E0CEFB6005749A1 /* VQA in Frameworks */ = {isa = PBXBuildFile; productRef = E41140D72E0CEFB6005749A1 /* VQA */; };
/* End PBXBuildFile section */

/* Begin PBXContainerItemProxy section */
		E411402E2E0B77B6005749A1 /* PBXContainerItemProxy */ = {
			isa = PBXContainerItemProxy;
			containerPortal = E41140182E0B77B5005749A1 /* Project object */;
			proxyType = 1;
			remoteGlobalIDString = E411401F2E0B77B5005749A1;
			remoteInfo = NokAI;
		};
		E41140382E0B77B6005749A1 /* PBXContainerItemProxy */ = {
			isa = PBXContainerItemProxy;
			containerPortal = E41140182E0B77B5005749A1 /* Project object */;
			proxyType = 1;
			remoteGlobalIDString = E411401F2E0B77B5005749A1;
			remoteInfo = NokAI;
		};
/* End PBXContainerItemProxy section */

/* Begin PBXFileReference section */
		E41140202E0B77B5005749A1 /* NokAI.app */ = {isa = PBXFileReference; explicitFileType = wrapper.application; includeInIndex = 0; path = NokAI.app; sourceTree = BUILT_PRODUCTS_DIR; };
		E411402D2E0B77B6005749A1 /* NokAITests.xctest */ = {isa = PBXFileReference; explicitFileType = wrapper.cfbundle; includeInIndex = 0; path = NokAITests.xctest; sourceTree = BUILT_PRODUCTS_DIR; };
		E41140372E0B77B6005749A1 /* NokAIUITests.xctest */ = {isa = PBXFileReference; explicitFileType = wrapper.cfbundle; includeInIndex = 0; path = NokAIUITests.xctest; sourceTree = BUILT_PRODUCTS_DIR; };
/* End PBXFileReference section */

/* Begin PBXFileSystemSynchronizedBuildFileExceptionSet section */
		E411410E2E0DF225005749A1 /* Exceptions for "NokAI" folder in "NokAI" target */ = {
			isa = PBXFileSystemSynchronizedBuildFileExceptionSet;
			membershipExceptions = (
				Info.plist,
			);
			target = E411401F2E0B77B5005749A1 /* NokAI */;
		};
/* End PBXFileSystemSynchronizedBuildFileExceptionSet section */

/* Begin PBXFileSystemSynchronizedRootGroup section */
		E41140222E0B77B5005749A1 /* NokAI */ = {
			isa = PBXFileSystemSynchronizedRootGroup;
			exceptions = (
				E411410E2E0DF225005749A1 /* Exceptions for "NokAI" folder in "NokAI" target */,
			);
			path = NokAI;
			sourceTree = "<group>";
		};
		E41140302E0B77B6005749A1 /* NokAITests */ = {
			isa = PBXFileSystemSynchronizedRootGroup;
			path = NokAITests;
			sourceTree = "<group>";
		};
		E411403A2E0B77B6005749A1 /* NokAIUITests */ = {
			isa = PBXFileSystemSynchronizedRootGroup;
			path = NokAIUITests;
			sourceTree = "<group>";
		};
/* End PBXFileSystemSynchronizedRootGroup section */

/* Begin PBXFrameworksBuildPhase section */
		E411401D2E0B77B5005749A1 /* Frameworks */ = {
			isa = PBXFrameworksBuildPhase;
			buildActionMask = 2147483647;
			files = (
				E41140C82E0CEFB6005749A1 /* ReplayKit in Frameworks */,
				E41140BE2E0CEFB6005749A1 /* ClearVision in Frameworks */,
				E41140B62E0CEFB6005749A1 /* AIAECLL in Frameworks */,
				E41140CC2E0CEFB6005749A1 /* SpatialAudio in Frameworks */,
				E41140D82E0CEFB6005749A1 /* VQA in Frameworks */,
				E41140C02E0CEFB6005749A1 /* ContentInspect in Frameworks */,
				E41140C42E0CEFB6005749A1 /* FaceDetection in Frameworks */,
				E41140D42E0CEFB6005749A1 /* VideoCodecEnc in Frameworks */,
				E41140BA2E0CEFB6005749A1 /* AINSLL in Frameworks */,
				E41140D62E0CEFB6005749A1 /* VirtualBackground in Frameworks */,
				E41140D02E0CEFB6005749A1 /* VideoAv1CodecEnc in Frameworks */,
				E41140CE2E0CEFB6005749A1 /* VideoAv1CodecDec in Frameworks */,
				E41140B42E0CEFB6005749A1 /* AIAEC in Frameworks */,
				E41140BC2E0CEFB6005749A1 /* AudioBeauty in Frameworks */,
				E41140C62E0CEFB6005749A1 /* LipSync in Frameworks */,
				E41140C22E0CEFB6005749A1 /* FaceCapture in Frameworks */,
				E41140B82E0CEFB6005749A1 /* AINS in Frameworks */,
				E41140D22E0CEFB6005749A1 /* VideoCodecDec in Frameworks */,
				E41140CA2E0CEFB6005749A1 /* RtcBasic in Frameworks */,
			);
			runOnlyForDeploymentPostprocessing = 0;
		};
		E411402A2E0B77B6005749A1 /* Frameworks */ = {
			isa = PBXFrameworksBuildPhase;
			buildActionMask = 2147483647;
			files = (
			);
			runOnlyForDeploymentPostprocessing = 0;
		};
		E41140342E0B77B6005749A1 /* Frameworks */ = {
			isa = PBXFrameworksBuildPhase;
			buildActionMask = 2147483647;
			files = (
			);
			runOnlyForDeploymentPostprocessing = 0;
		};
/* End PBXFrameworksBuildPhase section */

/* Begin PBXGroup section */
		E41140172E0B77B5005749A1 = {
			isa = PBXGroup;
			children = (
				E41140222E0B77B5005749A1 /* NokAI */,
				E41140302E0B77B6005749A1 /* NokAITests */,
				E411403A2E0B77B6005749A1 /* NokAIUITests */,
				E41140B22E0CEFB6005749A1 /* Frameworks */,
				E41140212E0B77B5005749A1 /* Products */,
			);
			sourceTree = "<group>";
		};
		E41140212E0B77B5005749A1 /* Products */ = {
			isa = PBXGroup;
			children = (
				E41140202E0B77B5005749A1 /* NokAI.app */,
				E411402D2E0B77B6005749A1 /* NokAITests.xctest */,
				E41140372E0B77B6005749A1 /* NokAIUITests.xctest */,
			);
			name = Products;
			sourceTree = "<group>";
		};
		E41140B22E0CEFB6005749A1 /* Frameworks */ = {
			isa = PBXGroup;
			children = (
			);
			name = Frameworks;
			sourceTree = "<group>";
		};
/* End PBXGroup section */

/* Begin PBXNativeTarget section */
		E411401F2E0B77B5005749A1 /* NokAI */ = {
			isa = PBXNativeTarget;
			buildConfigurationList = E41140412E0B77B6005749A1 /* Build configuration list for PBXNativeTarget "NokAI" */;
			buildPhases = (
				E411401C2E0B77B5005749A1 /* Sources */,
				E411401D2E0B77B5005749A1 /* Frameworks */,
				E411401E2E0B77B5005749A1 /* Resources */,
			);
			buildRules = (
			);
			dependencies = (
			);
			fileSystemSynchronizedGroups = (
				E41140222E0B77B5005749A1 /* NokAI */,
			);
			name = NokAI;
			packageProductDependencies = (
				E41140B32E0CEFB6005749A1 /* AIAEC */,
				E41140B52E0CEFB6005749A1 /* AIAECLL */,
				E41140B72E0CEFB6005749A1 /* AINS */,
				E41140B92E0CEFB6005749A1 /* AINSLL */,
				E41140BB2E0CEFB6005749A1 /* AudioBeauty */,
				E41140BD2E0CEFB6005749A1 /* ClearVision */,
				E41140BF2E0CEFB6005749A1 /* ContentInspect */,
				E41140C12E0CEFB6005749A1 /* FaceCapture */,
				E41140C32E0CEFB6005749A1 /* FaceDetection */,
				E41140C52E0CEFB6005749A1 /* LipSync */,
				E41140C72E0CEFB6005749A1 /* ReplayKit */,
				E41140C92E0CEFB6005749A1 /* RtcBasic */,
				E41140CB2E0CEFB6005749A1 /* SpatialAudio */,
				E41140CD2E0CEFB6005749A1 /* VideoAv1CodecDec */,
				E41140CF2E0CEFB6005749A1 /* VideoAv1CodecEnc */,
				E41140D12E0CEFB6005749A1 /* VideoCodecDec */,
				E41140D32E0CEFB6005749A1 /* VideoCodecEnc */,
				E41140D52E0CEFB6005749A1 /* VirtualBackground */,
				E41140D72E0CEFB6005749A1 /* VQA */,
			);
			productName = NokAI;
			productReference = E41140202E0B77B5005749A1 /* NokAI.app */;
			productType = "com.apple.product-type.application";
		};
		E411402C2E0B77B6005749A1 /* NokAITests */ = {
			isa = PBXNativeTarget;
			buildConfigurationList = E41140442E0B77B6005749A1 /* Build configuration list for PBXNativeTarget "NokAITests" */;
			buildPhases = (
				E41140292E0B77B6005749A1 /* Sources */,
				E411402A2E0B77B6005749A1 /* Frameworks */,
				E411402B2E0B77B6005749A1 /* Resources */,
			);
			buildRules = (
			);
			dependencies = (
				E411402F2E0B77B6005749A1 /* PBXTargetDependency */,
			);
			fileSystemSynchronizedGroups = (
				E41140302E0B77B6005749A1 /* NokAITests */,
			);
			name = NokAITests;
			packageProductDependencies = (
			);
			productName = NokAITests;
			productReference = E411402D2E0B77B6005749A1 /* NokAITests.xctest */;
			productType = "com.apple.product-type.bundle.unit-test";
		};
		E41140362E0B77B6005749A1 /* NokAIUITests */ = {
			isa = PBXNativeTarget;
			buildConfigurationList = E41140472E0B77B6005749A1 /* Build configuration list for PBXNativeTarget "NokAIUITests" */;
			buildPhases = (
				E41140332E0B77B6005749A1 /* Sources */,
				E41140342E0B77B6005749A1 /* Frameworks */,
				E41140352E0B77B6005749A1 /* Resources */,
			);
			buildRules = (
			);
			dependencies = (
				E41140392E0B77B6005749A1 /* PBXTargetDependency */,
			);
			fileSystemSynchronizedGroups = (
				E411403A2E0B77B6005749A1 /* NokAIUITests */,
			);
			name = NokAIUITests;
			packageProductDependencies = (
			);
			productName = NokAIUITests;
			productReference = E41140372E0B77B6005749A1 /* NokAIUITests.xctest */;
			productType = "com.apple.product-type.bundle.ui-testing";
		};
/* End PBXNativeTarget section */

/* Begin PBXProject section */
		E41140182E0B77B5005749A1 /* Project object */ = {
			isa = PBXProject;
			attributes = {
				BuildIndependentTargetsInParallel = 1;
				LastSwiftUpdateCheck = 1630;
				LastUpgradeCheck = 1630;
				TargetAttributes = {
					E411401F2E0B77B5005749A1 = {
						CreatedOnToolsVersion = 16.3;
					};
					E411402C2E0B77B6005749A1 = {
						CreatedOnToolsVersion = 16.3;
						TestTargetID = E411401F2E0B77B5005749A1;
					};
					E41140362E0B77B6005749A1 = {
						CreatedOnToolsVersion = 16.3;
						TestTargetID = E411401F2E0B77B5005749A1;
					};
				};
			};
			buildConfigurationList = E411401B2E0B77B5005749A1 /* Build configuration list for PBXProject "NokAI" */;
			developmentRegion = en;
			hasScannedForEncodings = 0;
			knownRegions = (
				en,
				Base,
			);
			mainGroup = E41140172E0B77B5005749A1;
			minimizedProjectReferenceProxies = 1;
			packageReferences = (
				E41140B12E0CEB01005749A1 /* XCRemoteSwiftPackageReference "AgoraRtcEngine_iOS" */,
			);
			preferredProjectObjectVersion = 77;
			productRefGroup = E41140212E0B77B5005749A1 /* Products */;
			projectDirPath = "";
			projectRoot = "";
			targets = (
				E411401F2E0B77B5005749A1 /* NokAI */,
				E411402C2E0B77B6005749A1 /* NokAITests */,
				E41140362E0B77B6005749A1 /* NokAIUITests */,
			);
		};
/* End PBXProject section */

/* Begin PBXResourcesBuildPhase section */
		E411401E2E0B77B5005749A1 /* Resources */ = {
			isa = PBXResourcesBuildPhase;
			buildActionMask = 2147483647;
			files = (
			);
			runOnlyForDeploymentPostprocessing = 0;
		};
		E411402B2E0B77B6005749A1 /* Resources */ = {
			isa = PBXResourcesBuildPhase;
			buildActionMask = 2147483647;
			files = (
			);
			runOnlyForDeploymentPostprocessing = 0;
		};
		E41140352E0B77B6005749A1 /* Resources */ = {
			isa = PBXResourcesBuildPhase;
			buildActionMask = 2147483647;
			files = (
			);
			runOnlyForDeploymentPostprocessing = 0;
		};
/* End PBXResourcesBuildPhase section */

/* Begin PBXSourcesBuildPhase section */
		E411401C2E0B77B5005749A1 /* Sources */ = {
			isa = PBXSourcesBuildPhase;
			buildActionMask = 2147483647;
			files = (
			);
			runOnlyForDeploymentPostprocessing = 0;
		};
		E41140292E0B77B6005749A1 /* Sources */ = {
			isa = PBXSourcesBuildPhase;
			buildActionMask = 2147483647;
			files = (
			);
			runOnlyForDeploymentPostprocessing = 0;
		};
		E41140332E0B77B6005749A1 /* Sources */ = {
			isa = PBXSourcesBuildPhase;
			buildActionMask = 2147483647;
			files = (
			);
			runOnlyForDeploymentPostprocessing = 0;
		};
/* End PBXSourcesBuildPhase section */

/* Begin PBXTargetDependency section */
		E411402F2E0B77B6005749A1 /* PBXTargetDependency */ = {
			isa = PBXTargetDependency;
			target = E411401F2E0B77B5005749A1 /* NokAI */;
			targetProxy = E411402E2E0B77B6005749A1 /* PBXContainerItemProxy */;
		};
		E41140392E0B77B6005749A1 /* PBXTargetDependency */ = {
			isa = PBXTargetDependency;
			target = E411401F2E0B77B5005749A1 /* NokAI */;
			targetProxy = E41140382E0B77B6005749A1 /* PBXContainerItemProxy */;
		};
/* End PBXTargetDependency section */

/* Begin XCBuildConfiguration section */
		E411403F2E0B77B6005749A1 /* Debug */ = {
			isa = XCBuildConfiguration;
			buildSettings = {
				ALWAYS_SEARCH_USER_PATHS = NO;
				ASSETCATALOG_COMPILER_GENERATE_SWIFT_ASSET_SYMBOL_EXTENSIONS = YES;
				CLANG_ANALYZER_NONNULL = YES;
				CLANG_ANALYZER_NUMBER_OBJECT_CONVERSION = YES_AGGRESSIVE;
				CLANG_CXX_LANGUAGE_STANDARD = "gnu++20";
				CLANG_ENABLE_MODULES = YES;
				CLANG_ENABLE_OBJC_ARC = YES;
				CLANG_ENABLE_OBJC_WEAK = YES;
				CLANG_WARN_BLOCK_CAPTURE_AUTORELEASING = YES;
				CLANG_WARN_BOOL_CONVERSION = YES;
				CLANG_WARN_COMMA = YES;
				CLANG_WARN_CONSTANT_CONVERSION = YES;
				CLANG_WARN_DEPRECATED_OBJC_IMPLEMENTATIONS = YES;
				CLANG_WARN_DIRECT_OBJC_ISA_USAGE = YES_ERROR;
				CLANG_WARN_DOCUMENTATION_COMMENTS = YES;
				CLANG_WARN_EMPTY_BODY = YES;
				CLANG_WARN_ENUM_CONVERSION = YES;
				CLANG_WARN_INFINITE_RECURSION = YES;
				CLANG_WARN_INT_CONVERSION = YES;
				CLANG_WARN_NON_LITERAL_NULL_CONVERSION = YES;
				CLANG_WARN_OBJC_IMPLICIT_RETAIN_SELF = YES;
				CLANG_WARN_OBJC_LITERAL_CONVERSION = YES;
				CLANG_WARN_OBJC_ROOT_CLASS = YES_ERROR;
				CLANG_WARN_QUOTED_INCLUDE_IN_FRAMEWORK_HEADER = YES;
				CLANG_WARN_RANGE_LOOP_ANALYSIS = YES;
				CLANG_WARN_STRICT_PROTOTYPES = YES;
				CLANG_WARN_SUSPICIOUS_MOVE = YES;
				CLANG_WARN_UNGUARDED_AVAILABILITY = YES_AGGRESSIVE;
				CLANG_WARN_UNREACHABLE_CODE = YES;
				CLANG_WARN__DUPLICATE_METHOD_MATCH = YES;
				COPY_PHASE_STRIP = NO;
				DEBUG_INFORMATION_FORMAT = dwarf;
				DEVELOPMENT_TEAM = GTM3LKB9V2;
				ENABLE_STRICT_OBJC_MSGSEND = YES;
				ENABLE_TESTABILITY = YES;
				ENABLE_USER_SCRIPT_SANDBOXING = YES;
				GCC_C_LANGUAGE_STANDARD = gnu17;
				GCC_DYNAMIC_NO_PIC = NO;
				GCC_NO_COMMON_BLOCKS = YES;
				GCC_OPTIMIZATION_LEVEL = 0;
				GCC_PREPROCESSOR_DEFINITIONS = (
					"DEBUG=1",
					"$(inherited)",
				);
				GCC_WARN_64_TO_32_BIT_CONVERSION = YES;
				GCC_WARN_ABOUT_RETURN_TYPE = YES_ERROR;
				GCC_WARN_UNDECLARED_SELECTOR = YES;
				GCC_WARN_UNINITIALIZED_AUTOS = YES_AGGRESSIVE;
				GCC_WARN_UNUSED_FUNCTION = YES;
				GCC_WARN_UNUSED_VARIABLE = YES;
				IPHONEOS_DEPLOYMENT_TARGET = 18.4;
				LOCALIZATION_PREFERS_STRING_CATALOGS = YES;
				MTL_ENABLE_DEBUG_INFO = INCLUDE_SOURCE;
				MTL_FAST_MATH = YES;
				ONLY_ACTIVE_ARCH = YES;
				SDKROOT = iphoneos;
				SWIFT_ACTIVE_COMPILATION_CONDITIONS = "DEBUG $(inherited)";
				SWIFT_OPTIMIZATION_LEVEL = "-Onone";
			};
			name = Debug;
		};
		E41140402E0B77B6005749A1 /* Release */ = {
			isa = XCBuildConfiguration;
			buildSettings = {
				ALWAYS_SEARCH_USER_PATHS = NO;
				ASSETCATALOG_COMPILER_GENERATE_SWIFT_ASSET_SYMBOL_EXTENSIONS = YES;
				CLANG_ANALYZER_NONNULL = YES;
				CLANG_ANALYZER_NUMBER_OBJECT_CONVERSION = YES_AGGRESSIVE;
				CLANG_CXX_LANGUAGE_STANDARD = "gnu++20";
				CLANG_ENABLE_MODULES = YES;
				CLANG_ENABLE_OBJC_ARC = YES;
				CLANG_ENABLE_OBJC_WEAK = YES;
				CLANG_WARN_BLOCK_CAPTURE_AUTORELEASING = YES;
				CLANG_WARN_BOOL_CONVERSION = YES;
				CLANG_WARN_COMMA = YES;
				CLANG_WARN_CONSTANT_CONVERSION = YES;
				CLANG_WARN_DEPRECATED_OBJC_IMPLEMENTATIONS = YES;
				CLANG_WARN_DIRECT_OBJC_ISA_USAGE = YES_ERROR;
				CLANG_WARN_DOCUMENTATION_COMMENTS = YES;
				CLANG_WARN_EMPTY_BODY = YES;
				CLANG_WARN_ENUM_CONVERSION = YES;
				CLANG_WARN_INFINITE_RECURSION = YES;
				CLANG_WARN_INT_CONVERSION = YES;
				CLANG_WARN_NON_LITERAL_NULL_CONVERSION = YES;
				CLANG_WARN_OBJC_IMPLICIT_RETAIN_SELF = YES;
				CLANG_WARN_OBJC_LITERAL_CONVERSION = YES;
				CLANG_WARN_OBJC_ROOT_CLASS = YES_ERROR;
				CLANG_WARN_QUOTED_INCLUDE_IN_FRAMEWORK_HEADER = YES;
				CLANG_WARN_RANGE_LOOP_ANALYSIS = YES;
				CLANG_WARN_STRICT_PROTOTYPES = YES;
				CLANG_WARN_SUSPICIOUS_MOVE = YES;
				CLANG_WARN_UNGUARDED_AVAILABILITY = YES_AGGRESSIVE;
				CLANG_WARN_UNREACHABLE_CODE = YES;
				CLANG_WARN__DUPLICATE_METHOD_MATCH = YES;
				COPY_PHASE_STRIP = NO;
				DEBUG_INFORMATION_FORMAT = "dwarf-with-dsym";
				DEVELOPMENT_TEAM = GTM3LKB9V2;
				ENABLE_NS_ASSERTIONS = NO;
				ENABLE_STRICT_OBJC_MSGSEND = YES;
				ENABLE_USER_SCRIPT_SANDBOXING = YES;
				GCC_C_LANGUAGE_STANDARD = gnu17;
				GCC_NO_COMMON_BLOCKS = YES;
				GCC_WARN_64_TO_32_BIT_CONVERSION = YES;
				GCC_WARN_ABOUT_RETURN_TYPE = YES_ERROR;
				GCC_WARN_UNDECLARED_SELECTOR = YES;
				GCC_WARN_UNINITIALIZED_AUTOS = YES_AGGRESSIVE;
				GCC_WARN_UNUSED_FUNCTION = YES;
				GCC_WARN_UNUSED_VARIABLE = YES;
				IPHONEOS_DEPLOYMENT_TARGET = 18.4;
				LOCALIZATION_PREFERS_STRING_CATALOGS = YES;
				MTL_ENABLE_DEBUG_INFO = NO;
				MTL_FAST_MATH = YES;
				SDKROOT = iphoneos;
				SWIFT_COMPILATION_MODE = wholemodule;
				VALIDATE_PRODUCT = YES;
			};
			name = Release;
		};
		E41140422E0B77B6005749A1 /* Debug */ = {
			isa = XCBuildConfiguration;
			buildSettings = {
				ASSETCATALOG_COMPILER_APPICON_NAME = AppIcon;
				ASSETCATALOG_COMPILER_GLOBAL_ACCENT_COLOR_NAME = AccentColor;
				CODE_SIGN_STYLE = Automatic;
				CURRENT_PROJECT_VERSION = 1;
				DEVELOPMENT_TEAM = GTM3LKB9V2;
				ENABLE_PREVIEWS = YES;
				GENERATE_INFOPLIST_FILE = YES;
				INFOPLIST_FILE = NokAI/Info.plist;
				INFOPLIST_KEY_NSCameraUsageDescription = "Need access to camera for video calls";
				INFOPLIST_KEY_NSMicrophoneUsageDescription = "Need access to microphone for calls";
				INFOPLIST_KEY_UIApplicationSceneManifest_Generation = YES;
				INFOPLIST_KEY_UIApplicationSupportsIndirectInputEvents = YES;
				INFOPLIST_KEY_UILaunchScreen_Generation = YES;
				INFOPLIST_KEY_UISupportedInterfaceOrientations_iPad = "UIInterfaceOrientationPortrait UIInterfaceOrientationPortraitUpsideDown UIInterfaceOrientationLandscapeLeft UIInterfaceOrientationLandscapeRight";
				INFOPLIST_KEY_UISupportedInterfaceOrientations_iPhone = "UIInterfaceOrientationPortrait UIInterfaceOrientationLandscapeLeft UIInterfaceOrientationLandscapeRight";
				LD_RUNPATH_SEARCH_PATHS = (
					"$(inherited)",
					"@executable_path/Frameworks",
				);
				MARKETING_VERSION = 1.0;
				PRODUCT_BUNDLE_IDENTIFIER = clew2027.NokAI;
				PRODUCT_NAME = "$(TARGET_NAME)";
				SWIFT_EMIT_LOC_STRINGS = YES;
				SWIFT_VERSION = 5.0;
				TARGETED_DEVICE_FAMILY = "1,2";
			};
			name = Debug;
		};
		E41140432E0B77B6005749A1 /* Release */ = {
			isa = XCBuildConfiguration;
			buildSettings = {
				ASSETCATALOG_COMPILER_APPICON_NAME = AppIcon;
				ASSETCATALOG_COMPILER_GLOBAL_ACCENT_COLOR_NAME = AccentColor;
				CODE_SIGN_STYLE = Automatic;
				CURRENT_PROJECT_VERSION = 1;
				DEVELOPMENT_TEAM = GTM3LKB9V2;
				ENABLE_PREVIEWS = YES;
				GENERATE_INFOPLIST_FILE = YES;
				INFOPLIST_FILE = NokAI/Info.plist;
				INFOPLIST_KEY_NSCameraUsageDescription = "Need access to camera for video calls";
				INFOPLIST_KEY_NSMicrophoneUsageDescription = "Need access to microphone for calls";
				INFOPLIST_KEY_UIApplicationSceneManifest_Generation = YES;
				INFOPLIST_KEY_UIApplicationSupportsIndirectInputEvents = YES;
				INFOPLIST_KEY_UILaunchScreen_Generation = YES;
				INFOPLIST_KEY_UISupportedInterfaceOrientations_iPad = "UIInterfaceOrientationPortrait UIInterfaceOrientationPortraitUpsideDown UIInterfaceOrientationLandscapeLeft UIInterfaceOrientationLandscapeRight";
				INFOPLIST_KEY_UISupportedInterfaceOrientations_iPhone = "UIInterfaceOrientationPortrait UIInterfaceOrientationLandscapeLeft UIInterfaceOrientationLandscapeRight";
				LD_RUNPATH_SEARCH_PATHS = (
					"$(inherited)",
					"@executable_path/Frameworks",
				);
				MARKETING_VERSION = 1.0;
				PRODUCT_BUNDLE_IDENTIFIER = clew2027.NokAI;
				PRODUCT_NAME = "$(TARGET_NAME)";
				SWIFT_EMIT_LOC_STRINGS = YES;
				SWIFT_VERSION = 5.0;
				TARGETED_DEVICE_FAMILY = "1,2";
			};
			name = Release;
		};
		E41140452E0B77B6005749A1 /* Debug */ = {
			isa = XCBuildConfiguration;
			buildSettings = {
				BUNDLE_LOADER = "$(TEST_HOST)";
				CODE_SIGN_STYLE = Automatic;
				CURRENT_PROJECT_VERSION = 1;
				DEVELOPMENT_TEAM = GTM3LKB9V2;
				GENERATE_INFOPLIST_FILE = YES;
				IPHONEOS_DEPLOYMENT_TARGET = 18.4;
				MARKETING_VERSION = 1.0;
				PRODUCT_BUNDLE_IDENTIFIER = clew2027.NokAITests;
				PRODUCT_NAME = "$(TARGET_NAME)";
				SWIFT_EMIT_LOC_STRINGS = NO;
				SWIFT_VERSION = 5.0;
				TARGETED_DEVICE_FAMILY = "1,2";
				TEST_HOST = "$(BUILT_PRODUCTS_DIR)/NokAI.app/$(BUNDLE_EXECUTABLE_FOLDER_PATH)/NokAI";
			};
			name = Debug;
		};
		E41140462E0B77B6005749A1 /* Release */ = {
			isa = XCBuildConfiguration;
			buildSettings = {
				BUNDLE_LOADER = "$(TEST_HOST)";
				CODE_SIGN_STYLE = Automatic;
				CURRENT_PROJECT_VERSION = 1;
				DEVELOPMENT_TEAM = GTM3LKB9V2;
				GENERATE_INFOPLIST_FILE = YES;
				IPHONEOS_DEPLOYMENT_TARGET = 18.4;
				MARKETING_VERSION = 1.0;
				PRODUCT_BUNDLE_IDENTIFIER = clew2027.NokAITests;
				PRODUCT_NAME = "$(TARGET_NAME)";
				SWIFT_EMIT_LOC_STRINGS = NO;
				SWIFT_VERSION = 5.0;
				TARGETED_DEVICE_FAMILY = "1,2";
				TEST_HOST = "$(BUILT_PRODUCTS_DIR)/NokAI.app/$(BUNDLE_EXECUTABLE_FOLDER_PATH)/NokAI";
			};
			name = Release;
		};
		E41140482E0B77B6005749A1 /* Debug */ = {
			isa = XCBuildConfiguration;
			buildSettings = {
				CODE_SIGN_STYLE = Automatic;
				CURRENT_PROJECT_VERSION = 1;
				DEVELOPMENT_TEAM = GTM3LKB9V2;
				GENERATE_INFOPLIST_FILE = YES;
				MARKETING_VERSION = 1.0;
				PRODUCT_BUNDLE_IDENTIFIER = clew2027.NokAIUITests;
				PRODUCT_NAME = "$(TARGET_NAME)";
				SWIFT_EMIT_LOC_STRINGS = NO;
				SWIFT_VERSION = 5.0;
				TARGETED_DEVICE_FAMILY = "1,2";
				TEST_TARGET_NAME = NokAI;
			};
			name = Debug;
		};
		E41140492E0B77B6005749A1 /* Release */ = {
			isa = XCBuildConfiguration;
			buildSettings = {
				CODE_SIGN_STYLE = Automatic;
				CURRENT_PROJECT_VERSION = 1;
				DEVELOPMENT_TEAM = GTM3LKB9V2;
				GENERATE_INFOPLIST_FILE = YES;
				MARKETING_VERSION = 1.0;
				PRODUCT_BUNDLE_IDENTIFIER = clew2027.NokAIUITests;
				PRODUCT_NAME = "$(TARGET_NAME)";
				SWIFT_EMIT_LOC_STRINGS = NO;
				SWIFT_VERSION = 5.0;
				TARGETED_DEVICE_FAMILY = "1,2";
				TEST_TARGET_NAME = NokAI;
			};
			name = Release;
		};
/* End XCBuildConfiguration section */

/* Begin XCConfigurationList section */
		E411401B2E0B77B5005749A1 /* Build configuration list for PBXProject "NokAI" */ = {
			isa = XCConfigurationList;
			buildConfigurations = (
				E411403F2E0B77B6005749A1 /* Debug */,
				E41140402E0B77B6005749A1 /* Release */,
			);
			defaultConfigurationIsVisible = 0;
			defaultConfigurationName = Release;
		};
		E41140412E0B77B6005749A1 /* Build configuration list for PBXNativeTarget "NokAI" */ = {
			isa = XCConfigurationList;
			buildConfigurations = (
				E41140422E0B77B6005749A1 /* Debug */,
				E41140432E0B77B6005749A1 /* Release */,
			);
			defaultConfigurationIsVisible = 0;
			defaultConfigurationName = Release;
		};
		E41140442E0B77B6005749A1 /* Build configuration list for PBXNativeTarget "NokAITests" */ = {
			isa = XCConfigurationList;
			buildConfigurations = (
				E41140452E0B77B6005749A1 /* Debug */,
				E41140462E0B77B6005749A1 /* Release */,
			);
			defaultConfigurationIsVisible = 0;
			defaultConfigurationName = Release;
		};
		E41140472E0B77B6005749A1 /* Build configuration list for PBXNativeTarget "NokAIUITests" */ = {
			isa = XCConfigurationList;
			buildConfigurations = (
				E41140482E0B77B6005749A1 /* Debug */,
				E41140492E0B77B6005749A1 /* Release */,
			);
			defaultConfigurationIsVisible = 0;
			defaultConfigurationName = Release;
		};
/* End XCConfigurationList section */

/* Begin XCRemoteSwiftPackageReference section */
		E41140B12E0CEB01005749A1 /* XCRemoteSwiftPackageReference "AgoraRtcEngine_iOS" */ = {
			isa = XCRemoteSwiftPackageReference;
			repositoryURL = "https://github.com/AgoraIO/AgoraRtcEngine_iOS";
			requirement = {
				kind = upToNextMajorVersion;
				minimumVersion = 4.5.2;
			};
		};
/* End XCRemoteSwiftPackageReference section */

/* Begin XCSwiftPackageProductDependency section */
		E41140B32E0CEFB6005749A1 /* AIAEC */ = {
			isa = XCSwiftPackageProductDependency;
			package = E41140B12E0CEB01005749A1 /* XCRemoteSwiftPackageReference "AgoraRtcEngine_iOS" */;
			productName = AIAEC;
		};
		E41140B52E0CEFB6005749A1 /* AIAECLL */ = {
			isa = XCSwiftPackageProductDependency;
			package = E41140B12E0CEB01005749A1 /* XCRemoteSwiftPackageReference "AgoraRtcEngine_iOS" */;
			productName = AIAECLL;
		};
		E41140B72E0CEFB6005749A1 /* AINS */ = {
			isa = XCSwiftPackageProductDependency;
			package = E41140B12E0CEB01005749A1 /* XCRemoteSwiftPackageReference "AgoraRtcEngine_iOS" */;
			productName = AINS;
		};
		E41140B92E0CEFB6005749A1 /* AINSLL */ = {
			isa = XCSwiftPackageProductDependency;
			package = E41140B12E0CEB01005749A1 /* XCRemoteSwiftPackageReference "AgoraRtcEngine_iOS" */;
			productName = AINSLL;
		};
		E41140BB2E0CEFB6005749A1 /* AudioBeauty */ = {
			isa = XCSwiftPackageProductDependency;
			package = E41140B12E0CEB01005749A1 /* XCRemoteSwiftPackageReference "AgoraRtcEngine_iOS" */;
			productName = AudioBeauty;
		};
		E41140BD2E0CEFB6005749A1 /* ClearVision */ = {
			isa = XCSwiftPackageProductDependency;
			package = E41140B12E0CEB01005749A1 /* XCRemoteSwiftPackageReference "AgoraRtcEngine_iOS" */;
			productName = ClearVision;
		};
		E41140BF2E0CEFB6005749A1 /* ContentInspect */ = {
			isa = XCSwiftPackageProductDependency;
			package = E41140B12E0CEB01005749A1 /* XCRemoteSwiftPackageReference "AgoraRtcEngine_iOS" */;
			productName = ContentInspect;
		};
		E41140C12E0CEFB6005749A1 /* FaceCapture */ = {
			isa = XCSwiftPackageProductDependency;
			package = E41140B12E0CEB01005749A1 /* XCRemoteSwiftPackageReference "AgoraRtcEngine_iOS" */;
			productName = FaceCapture;
		};
		E41140C32E0CEFB6005749A1 /* FaceDetection */ = {
			isa = XCSwiftPackageProductDependency;
			package = E41140B12E0CEB01005749A1 /* XCRemoteSwiftPackageReference "AgoraRtcEngine_iOS" */;
			productName = FaceDetection;
		};
		E41140C52E0CEFB6005749A1 /* LipSync */ = {
			isa = XCSwiftPackageProductDependency;
			package = E41140B12E0CEB01005749A1 /* XCRemoteSwiftPackageReference "AgoraRtcEngine_iOS" */;
			productName = LipSync;
		};
		E41140C72E0CEFB6005749A1 /* ReplayKit */ = {
			isa = XCSwiftPackageProductDependency;
			package = E41140B12E0CEB01005749A1 /* XCRemoteSwiftPackageReference "AgoraRtcEngine_iOS" */;
			productName = ReplayKit;
		};
		E41140C92E0CEFB6005749A1 /* RtcBasic */ = {
			isa = XCSwiftPackageProductDependency;
			package = E41140B12E0CEB01005749A1 /* XCRemoteSwiftPackageReference "AgoraRtcEngine_iOS" */;
			productName = RtcBasic;
		};
		E41140CB2E0CEFB6005749A1 /* SpatialAudio */ = {
			isa = XCSwiftPackageProductDependency;
			package = E41140B12E0CEB01005749A1 /* XCRemoteSwiftPackageReference "AgoraRtcEngine_iOS" */;
			productName = SpatialAudio;
		};
		E41140CD2E0CEFB6005749A1 /* VideoAv1CodecDec */ = {
			isa = XCSwiftPackageProductDependency;
			package = E41140B12E0CEB01005749A1 /* XCRemoteSwiftPackageReference "AgoraRtcEngine_iOS" */;
			productName = VideoAv1CodecDec;
		};
		E41140CF2E0CEFB6005749A1 /* VideoAv1CodecEnc */ = {
			isa = XCSwiftPackageProductDependency;
			package = E41140B12E0CEB01005749A1 /* XCRemoteSwiftPackageReference "AgoraRtcEngine_iOS" */;
			productName = VideoAv1CodecEnc;
		};
		E41140D12E0CEFB6005749A1 /* VideoCodecDec */ = {
			isa = XCSwiftPackageProductDependency;
			package = E41140B12E0CEB01005749A1 /* XCRemoteSwiftPackageReference "AgoraRtcEngine_iOS" */;
			productName = VideoCodecDec;
		};
		E41140D32E0CEFB6005749A1 /* VideoCodecEnc */ = {
			isa = XCSwiftPackageProductDependency;
			package = E41140B12E0CEB01005749A1 /* XCRemoteSwiftPackageReference "AgoraRtcEngine_iOS" */;
			productName = VideoCodecEnc;
		};
		E41140D52E0CEFB6005749A1 /* VirtualBackground */ = {
			isa = XCSwiftPackageProductDependency;
			package = E41140B12E0CEB01005749A1 /* XCRemoteSwiftPackageReference "AgoraRtcEngine_iOS" */;
			productName = VirtualBackground;
		};
		E41140D72E0CEFB6005749A1 /* VQA */ = {
			isa = XCSwiftPackageProductDependency;
			package = E41140B12E0CEB01005749A1 /* XCRemoteSwiftPackageReference "AgoraRtcEngine_iOS" */;
			productName = VQA;
		};
/* End XCSwiftPackageProductDependency section */
	};
	rootObject = E41140182E0B77B5005749A1 /* Project object */;
}
